
Microsoft Visual Studio Solution File, Format Version 12.00
Project("{FAE04EC0-301F-11D3-BF4B-00C04F79EFBC}") = "SolidLibrary", "SolidLibrary\SolidLibrary.csproj", "{B3FC93B3-D034-418F-8B08-3E762686536C}"
EndProject
Project("{FAE04EC0-301F-11D3-BF4B-00C04F79EFBC}") = "SingleResponsibility", "SingleResponsibility\SingleResponsibility.csproj", "{84AC5D89-2268-4B47-9208-FD7884B0D98B}"
EndProject
Project("{FAE04EC0-301F-11D3-BF4B-00C04F79EFBC}") = "DependencyInversion", "DependencyInversion\DependencyInversion.csproj", "{8CA41760-F9F2-4B09-B4F3-17DA1870BC3E}"
EndProject
Project("{FAE04EC0-301F-11D3-BF4B-00C04F79EFBC}") = "OpenClosedPrinciple", "OpenClosedPrinciple\OpenClosedPrinciple.csproj", "{C7E2778D-5A74-4735-A948-77197AA0F32D}"
EndProject
Project("{FAE04EC0-301F-11D3-BF4B-00C04F79EFBC}") = "LiskovSubstitutionPrinciple", "LiskovSubstitutionPrinciple\LiskovSubstitutionPrinciple.csproj", "{F5EB8911-6330-44AD-A670-AC9CB7059EB0}"
EndProject
Global
	GlobalSection(SolutionConfigurationPlatforms) = preSolution
		Debug|Any CPU = Debug|Any CPU
		Release|Any CPU = Release|Any CPU
	EndGlobalSection
	GlobalSection(ProjectConfigurationPlatforms) = postSolution
		{B3FC93B3-D034-418F-8B08-3E762686536C}.Debug|Any CPU.ActiveCfg = Debug|Any CPU
		{B3FC93B3-D034-418F-8B08-3E762686536C}.Debug|Any CPU.Build.0 = Debug|Any CPU
		{B3FC93B3-D034-418F-8B08-3E762686536C}.Release|Any CPU.ActiveCfg = Release|Any CPU
		{B3FC93B3-D034-418F-8B08-3E762686536C}.Release|Any CPU.Build.0 = Release|Any CPU
		{84AC5D89-2268-4B47-9208-FD7884B0D98B}.Debug|Any CPU.ActiveCfg = Debug|Any CPU
		{84AC5D89-2268-4B47-9208-FD7884B0D98B}.Debug|Any CPU.Build.0 = Debug|Any CPU
		{84AC5D89-2268-4B47-9208-FD7884B0D98B}.Release|Any CPU.ActiveCfg = Release|Any CPU
		{84AC5D89-2268-4B47-9208-FD7884B0D98B}.Release|Any CPU.Build.0 = Release|Any CPU
		{8CA41760-F9F2-4B09-B4F3-17DA1870BC3E}.Debug|Any CPU.ActiveCfg = Debug|Any CPU
		{8CA41760-F9F2-4B09-B4F3-17DA1870BC3E}.Debug|Any CPU.Build.0 = Debug|Any CPU
		{8CA41760-F9F2-4B09-B4F3-17DA1870BC3E}.Release|Any CPU.ActiveCfg = Release|Any CPU
		{8CA41760-F9F2-4B09-B4F3-17DA1870BC3E}.Release|Any CPU.Build.0 = Release|Any CPU
		{C7E2778D-5A74-4735-A948-77197AA0F32D}.Debug|Any CPU.ActiveCfg = Debug|Any CPU
		{C7E2778D-5A74-4735-A948-77197AA0F32D}.Debug|Any CPU.Build.0 = Debug|Any CPU
		{C7E2778D-5A74-4735-A948-77197AA0F32D}.Release|Any CPU.ActiveCfg = Release|Any CPU
		{C7E2778D-5A74-4735-A948-77197AA0F32D}.Release|Any CPU.Build.0 = Release|Any CPU
		{F5EB8911-6330-44AD-A670-AC9CB7059EB0}.Debug|Any CPU.ActiveCfg = Debug|Any CPU
		{F5EB8911-6330-44AD-A670-AC9CB7059EB0}.Debug|Any CPU.Build.0 = Debug|Any CPU
		{F5EB8911-6330-44AD-A670-AC9CB7059EB0}.Release|Any CPU.ActiveCfg = Release|Any CPU
		{F5EB8911-6330-44AD-A670-AC9CB7059EB0}.Release|Any CPU.Build.0 = Release|Any CPU
	EndGlobalSection
EndGlobal
