
Microsoft Visual Studio Solution File, Format Version 12.00
Project("{FAE04EC0-301F-11D3-BF4B-00C04F79EFBC}") = "PracticeTests", "PracticeTests\PracticeTests.csproj", "{9F60B474-A7FB-4C78-B7FF-4CB07530BCC8}"
EndProject
Project("{FAE04EC0-301F-11D3-BF4B-00C04F79EFBC}") = "SomeCSharpPractice", "..\..\SomeCSharpPractice\SomeCSharpPractice.csproj", "{FCCA8F17-2579-4B66-AA51-C88ADDCD8004}"
EndProject
Project("{FAE04EC0-301F-11D3-BF4B-00C04F79EFBC}") = "PracticeLib", "PracticeLib\PracticeLib.csproj", "{8312A229-6982-48A1-ABCF-EE8A3DD0D10E}"
EndProject
Global
	GlobalSection(SolutionConfigurationPlatforms) = preSolution
		Debug|Any CPU = Debug|Any CPU
		Release|Any CPU = Release|Any CPU
	EndGlobalSection
	GlobalSection(ProjectConfigurationPlatforms) = postSolution
		{9F60B474-A7FB-4C78-B7FF-4CB07530BCC8}.Debug|Any CPU.ActiveCfg = Debug|Any CPU
		{9F60B474-A7FB-4C78-B7FF-4CB07530BCC8}.Debug|Any CPU.Build.0 = Debug|Any CPU
		{9F60B474-A7FB-4C78-B7FF-4CB07530BCC8}.Release|Any CPU.ActiveCfg = Release|Any CPU
		{9F60B474-A7FB-4C78-B7FF-4CB07530BCC8}.Release|Any CPU.Build.0 = Release|Any CPU
		{FCCA8F17-2579-4B66-AA51-C88ADDCD8004}.Debug|Any CPU.ActiveCfg = Debug|Any CPU
		{FCCA8F17-2579-4B66-AA51-C88ADDCD8004}.Debug|Any CPU.Build.0 = Debug|Any CPU
		{FCCA8F17-2579-4B66-AA51-C88ADDCD8004}.Release|Any CPU.ActiveCfg = Release|Any CPU
		{FCCA8F17-2579-4B66-AA51-C88ADDCD8004}.Release|Any CPU.Build.0 = Release|Any CPU
		{8312A229-6982-48A1-ABCF-EE8A3DD0D10E}.Debug|Any CPU.ActiveCfg = Debug|Any CPU
		{8312A229-6982-48A1-ABCF-EE8A3DD0D10E}.Debug|Any CPU.Build.0 = Debug|Any CPU
		{8312A229-6982-48A1-ABCF-EE8A3DD0D10E}.Release|Any CPU.ActiveCfg = Release|Any CPU
		{8312A229-6982-48A1-ABCF-EE8A3DD0D10E}.Release|Any CPU.Build.0 = Release|Any CPU
	EndGlobalSection
EndGlobal
